
Microsoft Visual Studio Solution File, Format Version 12.00
# Visual Studio Version 17
VisualStudioVersion = 17.3.32922.545
MinimumVisualStudioVersion = 10.0.40219.1
Project("{8BC9CEB8-8B4A-11D0-8D11-00A0C91BC942}") = "Задача4", "Задача4\Задача4.vcxproj", "{FD56E733-1515-4647-A5B3-1F8E5179D243}"
EndProject
Global
	GlobalSection(SolutionConfigurationPlatforms) = preSolution
		Debug|x64 = Debug|x64
		Debug|x86 = Debug|x86
		Release|x64 = Release|x64
		Release|x86 = Release|x86
	EndGlobalSection
	GlobalSection(ProjectConfigurationPlatforms) = postSolution
		{FD56E733-1515-4647-A5B3-1F8E5179D243}.Debug|x64.ActiveCfg = Debug|x64
		{FD56E733-1515-4647-A5B3-1F8E5179D243}.Debug|x64.Build.0 = Debug|x64
		{FD56E733-1515-4647-A5B3-1F8E5179D243}.Debug|x86.ActiveCfg = Debug|Win32
		{FD56E733-1515-4647-A5B3-1F8E5179D243}.Debug|x86.Build.0 = Debug|Win32
		{FD56E733-1515-4647-A5B3-1F8E5179D243}.Release|x64.ActiveCfg = Release|x64
		{FD56E733-1515-4647-A5B3-1F8E5179D243}.Release|x64.Build.0 = Release|x64
		{FD56E733-1515-4647-A5B3-1F8E5179D243}.Release|x86.ActiveCfg = Release|Win32
		{FD56E733-1515-4647-A5B3-1F8E5179D243}.Release|x86.Build.0 = Release|Win32
	EndGlobalSection
	GlobalSection(SolutionProperties) = preSolution
		HideSolutionNode = FALSE
	EndGlobalSection
	GlobalSection(ExtensibilityGlobals) = postSolution
		SolutionGuid = {4A717D47-BAC6-431B-AC28-F7C3B190F755}
	EndGlobalSection
EndGlobal
